{
  "name": "@mpyw/zenn",
  "version": "1.0.0",
  "lockfileVersion": 2,
  "requires": true,
  "packages": {
    "": {
      "name": "@mpyw/zenn",
      "version": "1.0.0",
      "dependencies": {
        "zenn-cli": "^0.1.114"
      }
    },
    "node_modules/zenn-cli": {
      "version": "0.1.114",
      "resolved": "https://registry.npmjs.org/zenn-cli/-/zenn-cli-0.1.114.tgz",
      "integrity": "sha512-8dpBVfywzxyqPo8jAhRECYsb9IZHgF3KzVnj6rGdZPPPaa/GwQThvIf6FjyEnXQaU6JKq7jjnpi+aSYs1hXEYQ==",
      "bin": {
        "zenn": "dist/server/zenn.js"
      },
      "engines": {
        "node": ">=14.0.0"
      }
    }
  },
  "dependencies": {
    "zenn-cli": {
      "version": "0.1.114",
      "resolved": "https://registry.npmjs.org/zenn-cli/-/zenn-cli-0.1.114.tgz",
      "integrity": "sha512-8dpBVfywzxyqPo8jAhRECYsb9IZHgF3KzVnj6rGdZPPPaa/GwQThvIf6FjyEnXQaU6JKq7jjnpi+aSYs1hXEYQ=="
    }
  }
}
